{
  "name": "privat-bank-api",
  "version": "0.0.1",
  "lockfileVersion": 2,
  "requires": true,
  "packages": {
    "": {
      "name": "privat-bank-api",
      "version": "0.0.1",
      "dependencies": {
        "axios": "^0.26.1",
        "wrapped-localstorage": "^1.0.45"
      }
    },
    "node_modules/axios": {
      "version": "0.26.1",
      "resolved": "https://registry.npmjs.org/axios/-/axios-0.26.1.tgz",
      "integrity": "sha512-fPwcX4EvnSHuInCMItEhAGnaSEXRBjtzh9fOtsE6E1G6p7vl7edEeZe11QHf18+6+9gR5PbKV/sGKNaD8YaMeA==",
      "dependencies": {
        "follow-redirects": "^1.14.8"
      }
    },
    "node_modules/follow-redirects": {
      "version": "1.14.9",
      "resolved": "https://registry.npmjs.org/follow-redirects/-/follow-redirects-1.14.9.tgz",
      "integrity": "sha512-MQDfihBQYMcyy5dhRDJUHcw7lb2Pv/TuE6xP1vyraLukNDHKbDxDNaOE3NbCAdKQApno+GPRyo1YAp89yCjK4w==",
      "funding": [
        {
          "type": "individual",
          "url": "https://github.com/sponsors/RubenVerborgh"
        }
      ],
      "engines": {
        "node": ">=4.0"
      },
      "peerDependenciesMeta": {
        "debug": {
          "optional": true
        }
      }
    },
    "node_modules/wrapped-localstorage": {
      "version": "1.0.45",
      "resolved": "https://registry.npmjs.org/wrapped-localstorage/-/wrapped-localstorage-1.0.45.tgz",
      "integrity": "sha512-QlndLm0s6PmucbgpP+45Fn1NT9wy1I4GR8fxT+2QTAvMk4ncHhnezyg81sMJaegLS21ydgcuckL/SdKN8XvGrQ=="
    }
  },
  "dependencies": {
    "axios": {
      "version": "0.26.1",
      "resolved": "https://registry.npmjs.org/axios/-/axios-0.26.1.tgz",
      "integrity": "sha512-fPwcX4EvnSHuInCMItEhAGnaSEXRBjtzh9fOtsE6E1G6p7vl7edEeZe11QHf18+6+9gR5PbKV/sGKNaD8YaMeA==",
      "requires": {
        "follow-redirects": "^1.14.8"
      }
    },
    "follow-redirects": {
      "version": "1.14.9",
      "resolved": "https://registry.npmjs.org/follow-redirects/-/follow-redirects-1.14.9.tgz",
      "integrity": "sha512-MQDfihBQYMcyy5dhRDJUHcw7lb2Pv/TuE6xP1vyraLukNDHKbDxDNaOE3NbCAdKQApno+GPRyo1YAp89yCjK4w=="
    },
    "wrapped-localstorage": {
      "version": "1.0.45",
      "resolved": "https://registry.npmjs.org/wrapped-localstorage/-/wrapped-localstorage-1.0.45.tgz",
      "integrity": "sha512-QlndLm0s6PmucbgpP+45Fn1NT9wy1I4GR8fxT+2QTAvMk4ncHhnezyg81sMJaegLS21ydgcuckL/SdKN8XvGrQ=="
    }
  }
}
